
Microsoft Visual Studio Solution File, Format Version 12.00
# Visual Studio Version 17
VisualStudioVersion = 17.9.34728.123
MinimumVisualStudioVersion = 10.0.40219.1
Project("{8BC9CEB8-8B4A-11D0-8D11-00A0C91BC942}") = "PG3_08_01", "PG3_08_01.vcxproj", "{60A5F7D1-F10B-4846-AE06-F40D8654C3BB}"
EndProject
Global
	GlobalSection(SolutionConfigurationPlatforms) = preSolution
		Debug|x64 = Debug|x64
		Debug|x86 = Debug|x86
		Release|x64 = Release|x64
		Release|x86 = Release|x86
	EndGlobalSection
	GlobalSection(ProjectConfigurationPlatforms) = postSolution
		{60A5F7D1-F10B-4846-AE06-F40D8654C3BB}.Debug|x64.ActiveCfg = Debug|x64
		{60A5F7D1-F10B-4846-AE06-F40D8654C3BB}.Debug|x64.Build.0 = Debug|x64
		{60A5F7D1-F10B-4846-AE06-F40D8654C3BB}.Debug|x86.ActiveCfg = Debug|Win32
		{60A5F7D1-F10B-4846-AE06-F40D8654C3BB}.Debug|x86.Build.0 = Debug|Win32
		{60A5F7D1-F10B-4846-AE06-F40D8654C3BB}.Release|x64.ActiveCfg = Release|x64
		{60A5F7D1-F10B-4846-AE06-F40D8654C3BB}.Release|x64.Build.0 = Release|x64
		{60A5F7D1-F10B-4846-AE06-F40D8654C3BB}.Release|x86.ActiveCfg = Release|Win32
		{60A5F7D1-F10B-4846-AE06-F40D8654C3BB}.Release|x86.Build.0 = Release|Win32
	EndGlobalSection
	GlobalSection(SolutionProperties) = preSolution
		HideSolutionNode = FALSE
	EndGlobalSection
	GlobalSection(ExtensibilityGlobals) = postSolution
		SolutionGuid = {B1D2DB0C-F634-4086-B002-750ACF772CE1}
	EndGlobalSection
EndGlobal
